
Microsoft Visual Studio Solution File, Format Version 12.00
Project("{FAE04EC0-301F-11D3-BF4B-00C04F79EFBC}") = "PhoenixIot.Api", "PhoenixIot.Api\PhoenixIot.Api.csproj", "{FAEE7865-E959-4B9A-BBDB-B61B30C78333}"
EndProject
Project("{FAE04EC0-301F-11D3-BF4B-00C04F79EFBC}") = "PhoenixIot.Core", "PhoenixIot.Core\PhoenixIot.Core.csproj", "{FA52D425-8745-43E0-82C7-F3140C92E52E}"
EndProject
Project("{FAE04EC0-301F-11D3-BF4B-00C04F79EFBC}") = "PhoenixIot.Application", "PhoenixIot.Application\PhoenixIot.Application.csproj", "{856221FE-88F3-4DA9-A9A4-D6BC88171654}"
EndProject
Project("{FAE04EC0-301F-11D3-BF4B-00C04F79EFBC}") = "PhoenixIot.Infrastructure", "PhoenixIot.Infrastructure\PhoenixIot.Infrastructure.csproj", "{28508A3A-C8B7-4063-BB67-5F4B646D6003}"
EndProject
Project("{FAE04EC0-301F-11D3-BF4B-00C04F79EFBC}") = "PhoenixIot.WebSocketTester", "PhoenixIot.WebSocketTester\PhoenixIot.WebSocketTester.csproj", "{D1D99D06-F3DF-4BFB-B08F-A255539645BF}"
EndProject
Global
	GlobalSection(SolutionConfigurationPlatforms) = preSolution
		Debug|Any CPU = Debug|Any CPU
		Release|Any CPU = Release|Any CPU
	EndGlobalSection
	GlobalSection(ProjectConfigurationPlatforms) = postSolution
		{FAEE7865-E959-4B9A-BBDB-B61B30C78333}.Debug|Any CPU.ActiveCfg = Debug|Any CPU
		{FAEE7865-E959-4B9A-BBDB-B61B30C78333}.Debug|Any CPU.Build.0 = Debug|Any CPU
		{FAEE7865-E959-4B9A-BBDB-B61B30C78333}.Release|Any CPU.ActiveCfg = Release|Any CPU
		{FAEE7865-E959-4B9A-BBDB-B61B30C78333}.Release|Any CPU.Build.0 = Release|Any CPU
		{FA52D425-8745-43E0-82C7-F3140C92E52E}.Debug|Any CPU.ActiveCfg = Debug|Any CPU
		{FA52D425-8745-43E0-82C7-F3140C92E52E}.Debug|Any CPU.Build.0 = Debug|Any CPU
		{FA52D425-8745-43E0-82C7-F3140C92E52E}.Release|Any CPU.ActiveCfg = Release|Any CPU
		{FA52D425-8745-43E0-82C7-F3140C92E52E}.Release|Any CPU.Build.0 = Release|Any CPU
		{856221FE-88F3-4DA9-A9A4-D6BC88171654}.Debug|Any CPU.ActiveCfg = Debug|Any CPU
		{856221FE-88F3-4DA9-A9A4-D6BC88171654}.Debug|Any CPU.Build.0 = Debug|Any CPU
		{856221FE-88F3-4DA9-A9A4-D6BC88171654}.Release|Any CPU.ActiveCfg = Release|Any CPU
		{856221FE-88F3-4DA9-A9A4-D6BC88171654}.Release|Any CPU.Build.0 = Release|Any CPU
		{28508A3A-C8B7-4063-BB67-5F4B646D6003}.Debug|Any CPU.ActiveCfg = Debug|Any CPU
		{28508A3A-C8B7-4063-BB67-5F4B646D6003}.Debug|Any CPU.Build.0 = Debug|Any CPU
		{28508A3A-C8B7-4063-BB67-5F4B646D6003}.Release|Any CPU.ActiveCfg = Release|Any CPU
		{28508A3A-C8B7-4063-BB67-5F4B646D6003}.Release|Any CPU.Build.0 = Release|Any CPU
		{D1D99D06-F3DF-4BFB-B08F-A255539645BF}.Debug|Any CPU.ActiveCfg = Debug|Any CPU
		{D1D99D06-F3DF-4BFB-B08F-A255539645BF}.Debug|Any CPU.Build.0 = Debug|Any CPU
		{D1D99D06-F3DF-4BFB-B08F-A255539645BF}.Release|Any CPU.ActiveCfg = Release|Any CPU
		{D1D99D06-F3DF-4BFB-B08F-A255539645BF}.Release|Any CPU.Build.0 = Release|Any CPU
	EndGlobalSection
EndGlobal
